
Microsoft Visual Studio Solution File, Format Version 12.00
# Visual Studio Version 17
VisualStudioVersion = 17.14.36511.14
MinimumVisualStudioVersion = 10.0.40219.1
Project("{FAE04EC0-301F-11D3-BF4B-00C04F79EFBC}") = "Digiffice", "Digiffice\Digiffice.csproj", "{9D3BCC00-9BF7-4215-9ACC-661374C392D6}"
EndProject
Project("{FAE04EC0-301F-11D3-BF4B-00C04F79EFBC}") = "DigifficeWPFControls", "DigifficeWPFControls\DigifficeWPFControls.csproj", "{71202304-AD6D-496B-A3BA-B9942F6EEC94}"
EndProject
Global
	GlobalSection(SolutionConfigurationPlatforms) = preSolution
		Debug|Any CPU = Debug|Any CPU
		Debug|x64 = Debug|x64
		Debug|x86 = Debug|x86
		Release|Any CPU = Release|Any CPU
		Release|x64 = Release|x64
		Release|x86 = Release|x86
	EndGlobalSection
	GlobalSection(ProjectConfigurationPlatforms) = postSolution
		{9D3BCC00-9BF7-4215-9ACC-661374C392D6}.Debug|Any CPU.ActiveCfg = Debug|Any CPU
		{9D3BCC00-9BF7-4215-9ACC-661374C392D6}.Debug|Any CPU.Build.0 = Debug|Any CPU
		{9D3BCC00-9BF7-4215-9ACC-661374C392D6}.Debug|x64.ActiveCfg = Debug|Any CPU
		{9D3BCC00-9BF7-4215-9ACC-661374C392D6}.Debug|x64.Build.0 = Debug|Any CPU
		{9D3BCC00-9BF7-4215-9ACC-661374C392D6}.Debug|x86.ActiveCfg = Debug|Any CPU
		{9D3BCC00-9BF7-4215-9ACC-661374C392D6}.Debug|x86.Build.0 = Debug|Any CPU
		{9D3BCC00-9BF7-4215-9ACC-661374C392D6}.Release|Any CPU.ActiveCfg = Release|Any CPU
		{9D3BCC00-9BF7-4215-9ACC-661374C392D6}.Release|Any CPU.Build.0 = Release|Any CPU
		{9D3BCC00-9BF7-4215-9ACC-661374C392D6}.Release|x64.ActiveCfg = Release|Any CPU
		{9D3BCC00-9BF7-4215-9ACC-661374C392D6}.Release|x64.Build.0 = Release|Any CPU
		{9D3BCC00-9BF7-4215-9ACC-661374C392D6}.Release|x86.ActiveCfg = Release|Any CPU
		{9D3BCC00-9BF7-4215-9ACC-661374C392D6}.Release|x86.Build.0 = Release|Any CPU
		{71202304-AD6D-496B-A3BA-B9942F6EEC94}.Debug|Any CPU.ActiveCfg = Debug|Any CPU
		{71202304-AD6D-496B-A3BA-B9942F6EEC94}.Debug|Any CPU.Build.0 = Debug|Any CPU
		{71202304-AD6D-496B-A3BA-B9942F6EEC94}.Debug|x64.ActiveCfg = Debug|Any CPU
		{71202304-AD6D-496B-A3BA-B9942F6EEC94}.Debug|x64.Build.0 = Debug|Any CPU
		{71202304-AD6D-496B-A3BA-B9942F6EEC94}.Debug|x86.ActiveCfg = Debug|Any CPU
		{71202304-AD6D-496B-A3BA-B9942F6EEC94}.Debug|x86.Build.0 = Debug|Any CPU
		{71202304-AD6D-496B-A3BA-B9942F6EEC94}.Release|Any CPU.ActiveCfg = Release|Any CPU
		{71202304-AD6D-496B-A3BA-B9942F6EEC94}.Release|Any CPU.Build.0 = Release|Any CPU
		{71202304-AD6D-496B-A3BA-B9942F6EEC94}.Release|x64.ActiveCfg = Release|Any CPU
		{71202304-AD6D-496B-A3BA-B9942F6EEC94}.Release|x64.Build.0 = Release|Any CPU
		{71202304-AD6D-496B-A3BA-B9942F6EEC94}.Release|x86.ActiveCfg = Release|Any CPU
		{71202304-AD6D-496B-A3BA-B9942F6EEC94}.Release|x86.Build.0 = Release|Any CPU
	EndGlobalSection
	GlobalSection(SolutionProperties) = preSolution
		HideSolutionNode = FALSE
	EndGlobalSection
	GlobalSection(ExtensibilityGlobals) = postSolution
		SolutionGuid = {356A4364-81AA-4E0D-8F6C-49E854C4B9B6}
	EndGlobalSection
EndGlobal
